// !$*UTF8*$!
{
	archiveVersion = 1;
	classes = {
	};
	objectVersion = 50;
	objects = {

/* Begin PBXBuildFile section */
		4278F43A61AE32248063A1C3 /* Pods_GramUtthanam.framework in Frameworks */ = {isa = PBXBuildFile; fileRef = 974FF0206741273C863139CB /* Pods_GramUtthanam.framework */; };
		AB1D47E321E9D93A008B2D5E /* AppDelegate.swift in Sources */ = {isa = PBXBuildFile; fileRef = AB1D47E221E9D93A008B2D5E /* AppDelegate.swift */; };
		AB1D47E521E9D93A008B2D5E /* MyBidsViewController.swift in Sources */ = {isa = PBXBuildFile; fileRef = AB1D47E421E9D93A008B2D5E /* MyBidsViewController.swift */; };
		AB1D47E821E9D93A008B2D5E /* Main.storyboard in Resources */ = {isa = PBXBuildFile; fileRef = AB1D47E621E9D93A008B2D5E /* Main.storyboard */; };
		AB1D47EA21E9D93C008B2D5E /* Assets.xcassets in Resources */ = {isa = PBXBuildFile; fileRef = AB1D47E921E9D93C008B2D5E /* Assets.xcassets */; };
		AB1D47ED21E9D93C008B2D5E /* LaunchScreen.storyboard in Resources */ = {isa = PBXBuildFile; fileRef = AB1D47EB21E9D93C008B2D5E /* LaunchScreen.storyboard */; };
		AB1D47F521EA03CE008B2D5E /* UIView+Extension.swift in Sources */ = {isa = PBXBuildFile; fileRef = AB1D47F421EA03CE008B2D5E /* UIView+Extension.swift */; };
		AB1D47F721EA1C8B008B2D5E /* BidCreateViewController.swift in Sources */ = {isa = PBXBuildFile; fileRef = AB1D47F621EA1C8B008B2D5E /* BidCreateViewController.swift */; };
		AB1D47F921EA2785008B2D5E /* CropTypes.json in Resources */ = {isa = PBXBuildFile; fileRef = AB1D47F821EA2785008B2D5E /* CropTypes.json */; };
		AB8C262C21EB0D4A0069C816 /* TableTableViewCell.swift in Sources */ = {isa = PBXBuildFile; fileRef = AB8C262B21EB0D4A0069C816 /* TableTableViewCell.swift */; };
		ABC87D7E21EA5E3300C73655 /* APIResponse.swift in Sources */ = {isa = PBXBuildFile; fileRef = ABC87D7A21EA5E3300C73655 /* APIResponse.swift */; };
		ABC87D7F21EA5E3300C73655 /* NetworkProtocol.swift in Sources */ = {isa = PBXBuildFile; fileRef = ABC87D7B21EA5E3300C73655 /* NetworkProtocol.swift */; };
		ABC87D8021EA5E3300C73655 /* APIRequest.swift in Sources */ = {isa = PBXBuildFile; fileRef = ABC87D7C21EA5E3300C73655 /* APIRequest.swift */; };
		ABC87D8121EA5E3300C73655 /* RequestError.swift in Sources */ = {isa = PBXBuildFile; fileRef = ABC87D7D21EA5E3300C73655 /* RequestError.swift */; };
		ABC87D8321EA631500C73655 /* UserCache.swift in Sources */ = {isa = PBXBuildFile; fileRef = ABC87D8221EA631500C73655 /* UserCache.swift */; };
		ABC87D8A21EA637E00C73655 /* BidManager.swift in Sources */ = {isa = PBXBuildFile; fileRef = ABC87D8621EA637E00C73655 /* BidManager.swift */; };
		ABC87D8B21EA637E00C73655 /* Authenticator.swift in Sources */ = {isa = PBXBuildFile; fileRef = ABC87D8721EA637E00C73655 /* Authenticator.swift */; };
		ABC87D8D21EA637E00C73655 /* Routes.swift in Sources */ = {isa = PBXBuildFile; fileRef = ABC87D8921EA637E00C73655 /* Routes.swift */; };
		ABC87D8F21EA644500C73655 /* LoginViewController.swift in Sources */ = {isa = PBXBuildFile; fileRef = ABC87D8E21EA644500C73655 /* LoginViewController.swift */; };
		ABC87D9121EA703900C73655 /* User.swift in Sources */ = {isa = PBXBuildFile; fileRef = ABC87D9021EA703900C73655 /* User.swift */; };
		ABC87D9321EA782B00C73655 /* Constants.swift in Sources */ = {isa = PBXBuildFile; fileRef = ABC87D9221EA782B00C73655 /* Constants.swift */; };
		ABC87D9621EA7A2100C73655 /* UIViewController+Extension.swift in Sources */ = {isa = PBXBuildFile; fileRef = ABC87D9421EA7A2100C73655 /* UIViewController+Extension.swift */; };
		ABC87D9721EA7A2100C73655 /* UIAlertViewController+Extension.swift in Sources */ = {isa = PBXBuildFile; fileRef = ABC87D9521EA7A2100C73655 /* UIAlertViewController+Extension.swift */; };
		ABC87D9921EA7CD500C73655 /* Segue.swift in Sources */ = {isa = PBXBuildFile; fileRef = ABC87D9821EA7CD500C73655 /* Segue.swift */; };
		ABC87D9B21EA84AA00C73655 /* Crops.swift in Sources */ = {isa = PBXBuildFile; fileRef = ABC87D9A21EA84AA00C73655 /* Crops.swift */; };
		ABC87D9D21EA87C700C73655 /* Storyboard.swift in Sources */ = {isa = PBXBuildFile; fileRef = ABC87D9C21EA87C600C73655 /* Storyboard.swift */; };
		ABC87D9F21EA91B000C73655 /* ItemBid.swift in Sources */ = {isa = PBXBuildFile; fileRef = ABC87D9E21EA91B000C73655 /* ItemBid.swift */; };
/* End PBXBuildFile section */

/* Begin PBXFileReference section */
		0CBCD1129153B0DDF46CCB86 /* Pods-GramUtthanam.debug.xcconfig */ = {isa = PBXFileReference; includeInIndex = 1; lastKnownFileType = text.xcconfig; name = "Pods-GramUtthanam.debug.xcconfig"; path = "Target Support Files/Pods-GramUtthanam/Pods-GramUtthanam.debug.xcconfig"; sourceTree = "<group>"; };
		974FF0206741273C863139CB /* Pods_GramUtthanam.framework */ = {isa = PBXFileReference; explicitFileType = wrapper.framework; includeInIndex = 0; path = Pods_GramUtthanam.framework; sourceTree = BUILT_PRODUCTS_DIR; };
		AB1D47DF21E9D93A008B2D5E /* GramUtthanam.app */ = {isa = PBXFileReference; explicitFileType = wrapper.application; includeInIndex = 0; path = GramUtthanam.app; sourceTree = BUILT_PRODUCTS_DIR; };
		AB1D47E221E9D93A008B2D5E /* AppDelegate.swift */ = {isa = PBXFileReference; lastKnownFileType = sourcecode.swift; path = AppDelegate.swift; sourceTree = "<group>"; };
		AB1D47E421E9D93A008B2D5E /* MyBidsViewController.swift */ = {isa = PBXFileReference; lastKnownFileType = sourcecode.swift; path = MyBidsViewController.swift; sourceTree = "<group>"; };
		AB1D47E721E9D93A008B2D5E /* Base */ = {isa = PBXFileReference; lastKnownFileType = file.storyboard; name = Base; path = Base.lproj/Main.storyboard; sourceTree = "<group>"; };
		AB1D47E921E9D93C008B2D5E /* Assets.xcassets */ = {isa = PBXFileReference; lastKnownFileType = folder.assetcatalog; path = Assets.xcassets; sourceTree = "<group>"; };
		AB1D47EC21E9D93C008B2D5E /* Base */ = {isa = PBXFileReference; lastKnownFileType = file.storyboard; name = Base; path = Base.lproj/LaunchScreen.storyboard; sourceTree = "<group>"; };
		AB1D47EE21E9D93C008B2D5E /* Info.plist */ = {isa = PBXFileReference; lastKnownFileType = text.plist.xml; path = Info.plist; sourceTree = "<group>"; };
		AB1D47F421EA03CE008B2D5E /* UIView+Extension.swift */ = {isa = PBXFileReference; fileEncoding = 4; lastKnownFileType = sourcecode.swift; path = "UIView+Extension.swift"; sourceTree = "<group>"; };
		AB1D47F621EA1C8B008B2D5E /* BidCreateViewController.swift */ = {isa = PBXFileReference; lastKnownFileType = sourcecode.swift; path = BidCreateViewController.swift; sourceTree = "<group>"; };
		AB1D47F821EA2785008B2D5E /* CropTypes.json */ = {isa = PBXFileReference; lastKnownFileType = text.json; path = CropTypes.json; sourceTree = "<group>"; };
		AB8C262B21EB0D4A0069C816 /* TableTableViewCell.swift */ = {isa = PBXFileReference; lastKnownFileType = sourcecode.swift; path = TableTableViewCell.swift; sourceTree = "<group>"; };
		ABC87D7A21EA5E3300C73655 /* APIResponse.swift */ = {isa = PBXFileReference; fileEncoding = 4; lastKnownFileType = sourcecode.swift; path = APIResponse.swift; sourceTree = "<group>"; };
		ABC87D7B21EA5E3300C73655 /* NetworkProtocol.swift */ = {isa = PBXFileReference; fileEncoding = 4; lastKnownFileType = sourcecode.swift; path = NetworkProtocol.swift; sourceTree = "<group>"; };
		ABC87D7C21EA5E3300C73655 /* APIRequest.swift */ = {isa = PBXFileReference; fileEncoding = 4; lastKnownFileType = sourcecode.swift; path = APIRequest.swift; sourceTree = "<group>"; };
		ABC87D7D21EA5E3300C73655 /* RequestError.swift */ = {isa = PBXFileReference; fileEncoding = 4; lastKnownFileType = sourcecode.swift; path = RequestError.swift; sourceTree = "<group>"; };
		ABC87D8221EA631500C73655 /* UserCache.swift */ = {isa = PBXFileReference; fileEncoding = 4; lastKnownFileType = sourcecode.swift; path = UserCache.swift; sourceTree = "<group>"; };
		ABC87D8621EA637E00C73655 /* BidManager.swift */ = {isa = PBXFileReference; fileEncoding = 4; lastKnownFileType = sourcecode.swift; path = BidManager.swift; sourceTree = "<group>"; };
		ABC87D8721EA637E00C73655 /* Authenticator.swift */ = {isa = PBXFileReference; fileEncoding = 4; lastKnownFileType = sourcecode.swift; path = Authenticator.swift; sourceTree = "<group>"; };
		ABC87D8921EA637E00C73655 /* Routes.swift */ = {isa = PBXFileReference; fileEncoding = 4; lastKnownFileType = sourcecode.swift; path = Routes.swift; sourceTree = "<group>"; };
		ABC87D8E21EA644500C73655 /* LoginViewController.swift */ = {isa = PBXFileReference; lastKnownFileType = sourcecode.swift; path = LoginViewController.swift; sourceTree = "<group>"; };
		ABC87D9021EA703900C73655 /* User.swift */ = {isa = PBXFileReference; fileEncoding = 4; lastKnownFileType = sourcecode.swift; path = User.swift; sourceTree = "<group>"; };
		ABC87D9221EA782B00C73655 /* Constants.swift */ = {isa = PBXFileReference; lastKnownFileType = sourcecode.swift; path = Constants.swift; sourceTree = "<group>"; };
		ABC87D9421EA7A2100C73655 /* UIViewController+Extension.swift */ = {isa = PBXFileReference; fileEncoding = 4; lastKnownFileType = sourcecode.swift; path = "UIViewController+Extension.swift"; sourceTree = "<group>"; };
		ABC87D9521EA7A2100C73655 /* UIAlertViewController+Extension.swift */ = {isa = PBXFileReference; fileEncoding = 4; lastKnownFileType = sourcecode.swift; path = "UIAlertViewController+Extension.swift"; sourceTree = "<group>"; };
		ABC87D9821EA7CD500C73655 /* Segue.swift */ = {isa = PBXFileReference; fileEncoding = 4; lastKnownFileType = sourcecode.swift; path = Segue.swift; sourceTree = "<group>"; };
		ABC87D9A21EA84AA00C73655 /* Crops.swift */ = {isa = PBXFileReference; lastKnownFileType = sourcecode.swift; path = Crops.swift; sourceTree = "<group>"; };
		ABC87D9C21EA87C600C73655 /* Storyboard.swift */ = {isa = PBXFileReference; fileEncoding = 4; lastKnownFileType = sourcecode.swift; path = Storyboard.swift; sourceTree = "<group>"; };
		ABC87D9E21EA91B000C73655 /* ItemBid.swift */ = {isa = PBXFileReference; lastKnownFileType = sourcecode.swift; path = ItemBid.swift; sourceTree = "<group>"; };
		F7B0C408D9CD10347B6D102D /* Pods-GramUtthanam.release.xcconfig */ = {isa = PBXFileReference; includeInIndex = 1; lastKnownFileType = text.xcconfig; name = "Pods-GramUtthanam.release.xcconfig"; path = "Target Support Files/Pods-GramUtthanam/Pods-GramUtthanam.release.xcconfig"; sourceTree = "<group>"; };
/* End PBXFileReference section */

/* Begin PBXFrameworksBuildPhase section */
		AB1D47DC21E9D93A008B2D5E /* Frameworks */ = {
			isa = PBXFrameworksBuildPhase;
			buildActionMask = 2147483647;
			files = (
				4278F43A61AE32248063A1C3 /* Pods_GramUtthanam.framework in Frameworks */,
			);
			runOnlyForDeploymentPostprocessing = 0;
		};
/* End PBXFrameworksBuildPhase section */

/* Begin PBXGroup section */
		1C7EDE8ED96C6E1922D87CBA /* Pods */ = {
			isa = PBXGroup;
			children = (
				0CBCD1129153B0DDF46CCB86 /* Pods-GramUtthanam.debug.xcconfig */,
				F7B0C408D9CD10347B6D102D /* Pods-GramUtthanam.release.xcconfig */,
			);
			path = Pods;
			sourceTree = "<group>";
		};
		AB1D47D621E9D93A008B2D5E = {
			isa = PBXGroup;
			children = (
				AB1D47E121E9D93A008B2D5E /* GramUtthanam */,
				AB1D47E021E9D93A008B2D5E /* Products */,
				1C7EDE8ED96C6E1922D87CBA /* Pods */,
				F724C471FEF690C649CCC617 /* Frameworks */,
			);
			sourceTree = "<group>";
		};
		AB1D47E021E9D93A008B2D5E /* Products */ = {
			isa = PBXGroup;
			children = (
				AB1D47DF21E9D93A008B2D5E /* GramUtthanam.app */,
			);
			name = Products;
			sourceTree = "<group>";
		};
		AB1D47E121E9D93A008B2D5E /* GramUtthanam */ = {
			isa = PBXGroup;
			children = (
				ABC87D8E21EA644500C73655 /* LoginViewController.swift */,
				AB1D47F421EA03CE008B2D5E /* UIView+Extension.swift */,
				AB1D47E221E9D93A008B2D5E /* AppDelegate.swift */,
				AB8C262B21EB0D4A0069C816 /* TableTableViewCell.swift */,
				AB1D47E421E9D93A008B2D5E /* MyBidsViewController.swift */,
				AB1D47E621E9D93A008B2D5E /* Main.storyboard */,
				AB1D47E921E9D93C008B2D5E /* Assets.xcassets */,
				AB1D47EB21E9D93C008B2D5E /* LaunchScreen.storyboard */,
				AB1D47EE21E9D93C008B2D5E /* Info.plist */,
				AB1D47F621EA1C8B008B2D5E /* BidCreateViewController.swift */,
				AB1D47F821EA2785008B2D5E /* CropTypes.json */,
				ABC87D9221EA782B00C73655 /* Constants.swift */,
				ABC87D9521EA7A2100C73655 /* UIAlertViewController+Extension.swift */,
				ABC87D9421EA7A2100C73655 /* UIViewController+Extension.swift */,
				ABC87D8221EA631500C73655 /* UserCache.swift */,
				ABC87D9C21EA87C600C73655 /* Storyboard.swift */,
				ABC87D9821EA7CD500C73655 /* Segue.swift */,
				AB8C262A21EB0CAE0069C816 /* Model */,
				ABC87D8421EA637E00C73655 /* API Client */,
				ABC87D7921EA5E3300C73655 /* Request Helpers */,
			);
			path = GramUtthanam;
			sourceTree = "<group>";
		};
		AB8C262A21EB0CAE0069C816 /* Model */ = {
			isa = PBXGroup;
			children = (
				ABC87D9E21EA91B000C73655 /* ItemBid.swift */,
				ABC87D9A21EA84AA00C73655 /* Crops.swift */,
				ABC87D9021EA703900C73655 /* User.swift */,
			);
			path = Model;
			sourceTree = "<group>";
		};
		ABC87D7921EA5E3300C73655 /* Request Helpers */ = {
			isa = PBXGroup;
			children = (
				ABC87D7A21EA5E3300C73655 /* APIResponse.swift */,
				ABC87D7B21EA5E3300C73655 /* NetworkProtocol.swift */,
				ABC87D7C21EA5E3300C73655 /* APIRequest.swift */,
				ABC87D7D21EA5E3300C73655 /* RequestError.swift */,
			);
			path = "Request Helpers";
			sourceTree = "<group>";
		};
		ABC87D8421EA637E00C73655 /* API Client */ = {
			isa = PBXGroup;
			children = (
				ABC87D8521EA637E00C73655 /* Utilities */,
				ABC87D8921EA637E00C73655 /* Routes.swift */,
			);
			path = "API Client";
			sourceTree = "<group>";
		};
		ABC87D8521EA637E00C73655 /* Utilities */ = {
			isa = PBXGroup;
			children = (
				ABC87D8621EA637E00C73655 /* BidManager.swift */,
				ABC87D8721EA637E00C73655 /* Authenticator.swift */,
			);
			path = Utilities;
			sourceTree = "<group>";
		};
		F724C471FEF690C649CCC617 /* Frameworks */ = {
			isa = PBXGroup;
			children = (
				974FF0206741273C863139CB /* Pods_GramUtthanam.framework */,
			);
			name = Frameworks;
			sourceTree = "<group>";
		};
/* End PBXGroup section */

/* Begin PBXNativeTarget section */
		AB1D47DE21E9D93A008B2D5E /* GramUtthanam */ = {
			isa = PBXNativeTarget;
			buildConfigurationList = AB1D47F121E9D93C008B2D5E /* Build configuration list for PBXNativeTarget "GramUtthanam" */;
			buildPhases = (
				85998F329895A2BA7DCA93B9 /* [CP] Check Pods Manifest.lock */,
				AB1D47DB21E9D93A008B2D5E /* Sources */,
				AB1D47DC21E9D93A008B2D5E /* Frameworks */,
				AB1D47DD21E9D93A008B2D5E /* Resources */,
				1712E2155202F9B4789D067C /* [CP] Embed Pods Frameworks */,
			);
			buildRules = (
			);
			dependencies = (
			);
			name = GramUtthanam;
			productName = GramUtthanam;
			productReference = AB1D47DF21E9D93A008B2D5E /* GramUtthanam.app */;
			productType = "com.apple.product-type.application";
		};
/* End PBXNativeTarget section */

/* Begin PBXProject section */
		AB1D47D721E9D93A008B2D5E /* Project object */ = {
			isa = PBXProject;
			attributes = {
				LastSwiftUpdateCheck = 1010;
				LastUpgradeCheck = 1010;
				ORGANIZATIONNAME = "Prateek Sharma";
				TargetAttributes = {
					AB1D47DE21E9D93A008B2D5E = {
						CreatedOnToolsVersion = 10.1;
					};
				};
			};
			buildConfigurationList = AB1D47DA21E9D93A008B2D5E /* Build configuration list for PBXProject "GramUtthanam" */;
			compatibilityVersion = "Xcode 9.3";
			developmentRegion = en;
			hasScannedForEncodings = 0;
			knownRegions = (
				en,
				Base,
			);
			mainGroup = AB1D47D621E9D93A008B2D5E;
			productRefGroup = AB1D47E021E9D93A008B2D5E /* Products */;
			projectDirPath = "";
			projectRoot = "";
			targets = (
				AB1D47DE21E9D93A008B2D5E /* GramUtthanam */,
			);
		};
/* End PBXProject section */

/* Begin PBXResourcesBuildPhase section */
		AB1D47DD21E9D93A008B2D5E /* Resources */ = {
			isa = PBXResourcesBuildPhase;
			buildActionMask = 2147483647;
			files = (
				AB1D47ED21E9D93C008B2D5E /* LaunchScreen.storyboard in Resources */,
				AB1D47EA21E9D93C008B2D5E /* Assets.xcassets in Resources */,
				AB1D47E821E9D93A008B2D5E /* Main.storyboard in Resources */,
				AB1D47F921EA2785008B2D5E /* CropTypes.json in Resources */,
			);
			runOnlyForDeploymentPostprocessing = 0;
		};
/* End PBXResourcesBuildPhase section */

/* Begin PBXShellScriptBuildPhase section */
		1712E2155202F9B4789D067C /* [CP] Embed Pods Frameworks */ = {
			isa = PBXShellScriptBuildPhase;
			buildActionMask = 2147483647;
			files = (
			);
			inputFileListPaths = (
			);
			inputPaths = (
				"${PODS_ROOT}/Target Support Files/Pods-GramUtthanam/Pods-GramUtthanam-frameworks.sh",
				"${BUILT_PRODUCTS_DIR}/Alamofire/Alamofire.framework",
				"${BUILT_PRODUCTS_DIR}/IQKeyboardManagerSwift/IQKeyboardManagerSwift.framework",
				"${BUILT_PRODUCTS_DIR}/SVProgressHUD/SVProgressHUD.framework",
			);
			name = "[CP] Embed Pods Frameworks";
			outputFileListPaths = (
			);
			outputPaths = (
				"${TARGET_BUILD_DIR}/${FRAMEWORKS_FOLDER_PATH}/Alamofire.framework",
				"${TARGET_BUILD_DIR}/${FRAMEWORKS_FOLDER_PATH}/IQKeyboardManagerSwift.framework",
				"${TARGET_BUILD_DIR}/${FRAMEWORKS_FOLDER_PATH}/SVProgressHUD.framework",
			);
			runOnlyForDeploymentPostprocessing = 0;
			shellPath = /bin/sh;
			shellScript = "\"${PODS_ROOT}/Target Support Files/Pods-GramUtthanam/Pods-GramUtthanam-frameworks.sh\"\n";
			showEnvVarsInLog = 0;
		};
		85998F329895A2BA7DCA93B9 /* [CP] Check Pods Manifest.lock */ = {
			isa = PBXShellScriptBuildPhase;
			buildActionMask = 2147483647;
			files = (
			);
			inputFileListPaths = (
			);
			inputPaths = (
				"${PODS_PODFILE_DIR_PATH}/Podfile.lock",
				"${PODS_ROOT}/Manifest.lock",
			);
			name = "[CP] Check Pods Manifest.lock";
			outputFileListPaths = (
			);
			outputPaths = (
				"$(DERIVED_FILE_DIR)/Pods-GramUtthanam-checkManifestLockResult.txt",
			);
			runOnlyForDeploymentPostprocessing = 0;
			shellPath = /bin/sh;
			shellScript = "diff \"${PODS_PODFILE_DIR_PATH}/Podfile.lock\" \"${PODS_ROOT}/Manifest.lock\" > /dev/null\nif [ $? != 0 ] ; then\n    # print error to STDERR\n    echo \"error: The sandbox is not in sync with the Podfile.lock. Run 'pod install' or update your CocoaPods installation.\" >&2\n    exit 1\nfi\n# This output is used by Xcode 'outputs' to avoid re-running this script phase.\necho \"SUCCESS\" > \"${SCRIPT_OUTPUT_FILE_0}\"\n";
			showEnvVarsInLog = 0;
		};
/* End PBXShellScriptBuildPhase section */

/* Begin PBXSourcesBuildPhase section */
		AB1D47DB21E9D93A008B2D5E /* Sources */ = {
			isa = PBXSourcesBuildPhase;
			buildActionMask = 2147483647;
			files = (
				ABC87D9621EA7A2100C73655 /* UIViewController+Extension.swift in Sources */,
				ABC87D8A21EA637E00C73655 /* BidManager.swift in Sources */,
				ABC87D8121EA5E3300C73655 /* RequestError.swift in Sources */,
				ABC87D8321EA631500C73655 /* UserCache.swift in Sources */,
				ABC87D8B21EA637E00C73655 /* Authenticator.swift in Sources */,
				AB1D47F521EA03CE008B2D5E /* UIView+Extension.swift in Sources */,
				ABC87D9321EA782B00C73655 /* Constants.swift in Sources */,
				ABC87D9921EA7CD500C73655 /* Segue.swift in Sources */,
				ABC87D8021EA5E3300C73655 /* APIRequest.swift in Sources */,
				AB1D47E521E9D93A008B2D5E /* MyBidsViewController.swift in Sources */,
				ABC87D9F21EA91B000C73655 /* ItemBid.swift in Sources */,
				ABC87D7F21EA5E3300C73655 /* NetworkProtocol.swift in Sources */,
				ABC87D8D21EA637E00C73655 /* Routes.swift in Sources */,
				AB1D47F721EA1C8B008B2D5E /* BidCreateViewController.swift in Sources */,
				AB8C262C21EB0D4A0069C816 /* TableTableViewCell.swift in Sources */,
				ABC87D7E21EA5E3300C73655 /* APIResponse.swift in Sources */,
				ABC87D8F21EA644500C73655 /* LoginViewController.swift in Sources */,
				ABC87D9B21EA84AA00C73655 /* Crops.swift in Sources */,
				ABC87D9D21EA87C700C73655 /* Storyboard.swift in Sources */,
				AB1D47E321E9D93A008B2D5E /* AppDelegate.swift in Sources */,
				ABC87D9121EA703900C73655 /* User.swift in Sources */,
				ABC87D9721EA7A2100C73655 /* UIAlertViewController+Extension.swift in Sources */,
			);
			runOnlyForDeploymentPostprocessing = 0;
		};
/* End PBXSourcesBuildPhase section */

/* Begin PBXVariantGroup section */
		AB1D47E621E9D93A008B2D5E /* Main.storyboard */ = {
			isa = PBXVariantGroup;
			children = (
				AB1D47E721E9D93A008B2D5E /* Base */,
			);
			name = Main.storyboard;
			sourceTree = "<group>";
		};
		AB1D47EB21E9D93C008B2D5E /* LaunchScreen.storyboard */ = {
			isa = PBXVariantGroup;
			children = (
				AB1D47EC21E9D93C008B2D5E /* Base */,
			);
			name = LaunchScreen.storyboard;
			sourceTree = "<group>";
		};
/* End PBXVariantGroup section */

/* Begin XCBuildConfiguration section */
		AB1D47EF21E9D93C008B2D5E /* Debug */ = {
			isa = XCBuildConfiguration;
			buildSettings = {
				ALWAYS_SEARCH_USER_PATHS = NO;
				CLANG_ANALYZER_NONNULL = YES;
				CLANG_ANALYZER_NUMBER_OBJECT_CONVERSION = YES_AGGRESSIVE;
				CLANG_CXX_LANGUAGE_STANDARD = "gnu++14";
				CLANG_CXX_LIBRARY = "libc++";
				CLANG_ENABLE_MODULES = YES;
				CLANG_ENABLE_OBJC_ARC = YES;
				CLANG_ENABLE_OBJC_WEAK = YES;
				CLANG_WARN_BLOCK_CAPTURE_AUTORELEASING = YES;
				CLANG_WARN_BOOL_CONVERSION = YES;
				CLANG_WARN_COMMA = YES;
				CLANG_WARN_CONSTANT_CONVERSION = YES;
				CLANG_WARN_DEPRECATED_OBJC_IMPLEMENTATIONS = YES;
				CLANG_WARN_DIRECT_OBJC_ISA_USAGE = YES_ERROR;
				CLANG_WARN_DOCUMENTATION_COMMENTS = YES;
				CLANG_WARN_EMPTY_BODY = YES;
				CLANG_WARN_ENUM_CONVERSION = YES;
				CLANG_WARN_INFINITE_RECURSION = YES;
				CLANG_WARN_INT_CONVERSION = YES;
				CLANG_WARN_NON_LITERAL_NULL_CONVERSION = YES;
				CLANG_WARN_OBJC_IMPLICIT_RETAIN_SELF = YES;
				CLANG_WARN_OBJC_LITERAL_CONVERSION = YES;
				CLANG_WARN_OBJC_ROOT_CLASS = YES_ERROR;
				CLANG_WARN_RANGE_LOOP_ANALYSIS = YES;
				CLANG_WARN_STRICT_PROTOTYPES = YES;
				CLANG_WARN_SUSPICIOUS_MOVE = YES;
				CLANG_WARN_UNGUARDED_AVAILABILITY = YES_AGGRESSIVE;
				CLANG_WARN_UNREACHABLE_CODE = YES;
				CLANG_WARN__DUPLICATE_METHOD_MATCH = YES;
				CODE_SIGN_IDENTITY = "iPhone Developer";
				COPY_PHASE_STRIP = NO;
				DEBUG_INFORMATION_FORMAT = dwarf;
				ENABLE_STRICT_OBJC_MSGSEND = YES;
				ENABLE_TESTABILITY = YES;
				GCC_C_LANGUAGE_STANDARD = gnu11;
				GCC_DYNAMIC_NO_PIC = NO;
				GCC_NO_COMMON_BLOCKS = YES;
				GCC_OPTIMIZATION_LEVEL = 0;
				GCC_PREPROCESSOR_DEFINITIONS = (
					"DEBUG=1",
					"$(inherited)",
				);
				GCC_WARN_64_TO_32_BIT_CONVERSION = YES;
				GCC_WARN_ABOUT_RETURN_TYPE = YES_ERROR;
				GCC_WARN_UNDECLARED_SELECTOR = YES;
				GCC_WARN_UNINITIALIZED_AUTOS = YES_AGGRESSIVE;
				GCC_WARN_UNUSED_FUNCTION = YES;
				GCC_WARN_UNUSED_VARIABLE = YES;
				IPHONEOS_DEPLOYMENT_TARGET = 12.1;
				MTL_ENABLE_DEBUG_INFO = INCLUDE_SOURCE;
				MTL_FAST_MATH = YES;
				ONLY_ACTIVE_ARCH = YES;
				SDKROOT = iphoneos;
				SWIFT_ACTIVE_COMPILATION_CONDITIONS = DEBUG;
				SWIFT_OPTIMIZATION_LEVEL = "-Onone";
			};
			name = Debug;
		};
		AB1D47F021E9D93C008B2D5E /* Release */ = {
			isa = XCBuildConfiguration;
			buildSettings = {
				ALWAYS_SEARCH_USER_PATHS = NO;
				CLANG_ANALYZER_NONNULL = YES;
				CLANG_ANALYZER_NUMBER_OBJECT_CONVERSION = YES_AGGRESSIVE;
				CLANG_CXX_LANGUAGE_STANDARD = "gnu++14";
				CLANG_CXX_LIBRARY = "libc++";
				CLANG_ENABLE_MODULES = YES;
				CLANG_ENABLE_OBJC_ARC = YES;
				CLANG_ENABLE_OBJC_WEAK = YES;
				CLANG_WARN_BLOCK_CAPTURE_AUTORELEASING = YES;
				CLANG_WARN_BOOL_CONVERSION = YES;
				CLANG_WARN_COMMA = YES;
				CLANG_WARN_CONSTANT_CONVERSION = YES;
				CLANG_WARN_DEPRECATED_OBJC_IMPLEMENTATIONS = YES;
				CLANG_WARN_DIRECT_OBJC_ISA_USAGE = YES_ERROR;
				CLANG_WARN_DOCUMENTATION_COMMENTS = YES;
				CLANG_WARN_EMPTY_BODY = YES;
				CLANG_WARN_ENUM_CONVERSION = YES;
				CLANG_WARN_INFINITE_RECURSION = YES;
				CLANG_WARN_INT_CONVERSION = YES;
				CLANG_WARN_NON_LITERAL_NULL_CONVERSION = YES;
				CLANG_WARN_OBJC_IMPLICIT_RETAIN_SELF = YES;
				CLANG_WARN_OBJC_LITERAL_CONVERSION = YES;
				CLANG_WARN_OBJC_ROOT_CLASS = YES_ERROR;
				CLANG_WARN_RANGE_LOOP_ANALYSIS = YES;
				CLANG_WARN_STRICT_PROTOTYPES = YES;
				CLANG_WARN_SUSPICIOUS_MOVE = YES;
				CLANG_WARN_UNGUARDED_AVAILABILITY = YES_AGGRESSIVE;
				CLANG_WARN_UNREACHABLE_CODE = YES;
				CLANG_WARN__DUPLICATE_METHOD_MATCH = YES;
				CODE_SIGN_IDENTITY = "iPhone Developer";
				COPY_PHASE_STRIP = NO;
				DEBUG_INFORMATION_FORMAT = "dwarf-with-dsym";
				ENABLE_NS_ASSERTIONS = NO;
				ENABLE_STRICT_OBJC_MSGSEND = YES;
				GCC_C_LANGUAGE_STANDARD = gnu11;
				GCC_NO_COMMON_BLOCKS = YES;
				GCC_WARN_64_TO_32_BIT_CONVERSION = YES;
				GCC_WARN_ABOUT_RETURN_TYPE = YES_ERROR;
				GCC_WARN_UNDECLARED_SELECTOR = YES;
				GCC_WARN_UNINITIALIZED_AUTOS = YES_AGGRESSIVE;
				GCC_WARN_UNUSED_FUNCTION = YES;
				GCC_WARN_UNUSED_VARIABLE = YES;
				IPHONEOS_DEPLOYMENT_TARGET = 12.1;
				MTL_ENABLE_DEBUG_INFO = NO;
				MTL_FAST_MATH = YES;
				SDKROOT = iphoneos;
				SWIFT_COMPILATION_MODE = wholemodule;
				SWIFT_OPTIMIZATION_LEVEL = "-O";
				VALIDATE_PRODUCT = YES;
			};
			name = Release;
		};
		AB1D47F221E9D93C008B2D5E /* Debug */ = {
			isa = XCBuildConfiguration;
			baseConfigurationReference = 0CBCD1129153B0DDF46CCB86 /* Pods-GramUtthanam.debug.xcconfig */;
			buildSettings = {
				ASSETCATALOG_COMPILER_APPICON_NAME = AppIcon;
				CODE_SIGN_STYLE = Automatic;
				DEVELOPMENT_TEAM = A67AG6AHRK;
				INFOPLIST_FILE = GramUtthanam/Info.plist;
				LD_RUNPATH_SEARCH_PATHS = (
					"$(inherited)",
					"@executable_path/Frameworks",
				);
				PRODUCT_BUNDLE_IDENTIFIER = bingo.prat14k.GramUtthanam;
				PRODUCT_NAME = "$(TARGET_NAME)";
				SWIFT_VERSION = 4.2;
				TARGETED_DEVICE_FAMILY = 1;
			};
			name = Debug;
		};
		AB1D47F321E9D93C008B2D5E /* Release */ = {
			isa = XCBuildConfiguration;
			baseConfigurationReference = F7B0C408D9CD10347B6D102D /* Pods-GramUtthanam.release.xcconfig */;
			buildSettings = {
				ASSETCATALOG_COMPILER_APPICON_NAME = AppIcon;
				CODE_SIGN_STYLE = Automatic;
				DEVELOPMENT_TEAM = A67AG6AHRK;
				INFOPLIST_FILE = GramUtthanam/Info.plist;
				LD_RUNPATH_SEARCH_PATHS = (
					"$(inherited)",
					"@executable_path/Frameworks",
				);
				PRODUCT_BUNDLE_IDENTIFIER = bingo.prat14k.GramUtthanam;
				PRODUCT_NAME = "$(TARGET_NAME)";
				SWIFT_VERSION = 4.2;
				TARGETED_DEVICE_FAMILY = 1;
			};
			name = Release;
		};
/* End XCBuildConfiguration section */

/* Begin XCConfigurationList section */
		AB1D47DA21E9D93A008B2D5E /* Build configuration list for PBXProject "GramUtthanam" */ = {
			isa = XCConfigurationList;
			buildConfigurations = (
				AB1D47EF21E9D93C008B2D5E /* Debug */,
				AB1D47F021E9D93C008B2D5E /* Release */,
			);
			defaultConfigurationIsVisible = 0;
			defaultConfigurationName = Release;
		};
		AB1D47F121E9D93C008B2D5E /* Build configuration list for PBXNativeTarget "GramUtthanam" */ = {
			isa = XCConfigurationList;
			buildConfigurations = (
				AB1D47F221E9D93C008B2D5E /* Debug */,
				AB1D47F321E9D93C008B2D5E /* Release */,
			);
			defaultConfigurationIsVisible = 0;
			defaultConfigurationName = Release;
		};
/* End XCConfigurationList section */
	};
	rootObject = AB1D47D721E9D93A008B2D5E /* Project object */;
}
